
Microsoft Visual Studio Solution File, Format Version 12.00
# Visual Studio Version 17
VisualStudioVersion = 17.3.32819.101
MinimumVisualStudioVersion = 10.0.40219.1
Project("{888888A0-9F3D-457C-B088-3A5042F75D52}") = "upgift 1 repetetion", "upgift 1 repetetion\upgift 1 repetetion.pyproj", "{FDC596B6-B5B7-4A6D-962F-C87601C1EDE8}"
EndProject
Global
	GlobalSection(SolutionConfigurationPlatforms) = preSolution
		Debug|Any CPU = Debug|Any CPU
		Release|Any CPU = Release|Any CPU
	EndGlobalSection
	GlobalSection(ProjectConfigurationPlatforms) = postSolution
		{FDC596B6-B5B7-4A6D-962F-C87601C1EDE8}.Debug|Any CPU.ActiveCfg = Debug|Any CPU
		{FDC596B6-B5B7-4A6D-962F-C87601C1EDE8}.Release|Any CPU.ActiveCfg = Release|Any CPU
	EndGlobalSection
	GlobalSection(SolutionProperties) = preSolution
		HideSolutionNode = FALSE
	EndGlobalSection
	GlobalSection(ExtensibilityGlobals) = postSolution
		SolutionGuid = {3CF7F1A9-06F8-4DCD-AE9D-F52A78095B67}
	EndGlobalSection
EndGlobal
